
Microsoft Visual Studio Solution File, Format Version 12.00
# Visual Studio Version 17
VisualStudioVersion = 17.14.36109.1 d17.14
MinimumVisualStudioVersion = 10.0.40219.1
Project("{FAE04EC0-301F-11D3-BF4B-00C04F79EFBC}") = "ForensicApp", "ForensicApp\ForensicApp.csproj", "{45621EDB-0ED3-4437-AFF8-4A276D3FAF55}"
EndProject
Global
	GlobalSection(SolutionConfigurationPlatforms) = preSolution
		Debug|Any CPU = Debug|Any CPU
		Release|Any CPU = Release|Any CPU
	EndGlobalSection
	GlobalSection(ProjectConfigurationPlatforms) = postSolution
		{45621EDB-0ED3-4437-AFF8-4A276D3FAF55}.Debug|Any CPU.ActiveCfg = Debug|Any CPU
		{45621EDB-0ED3-4437-AFF8-4A276D3FAF55}.Debug|Any CPU.Build.0 = Debug|Any CPU
		{45621EDB-0ED3-4437-AFF8-4A276D3FAF55}.Release|Any CPU.ActiveCfg = Release|Any CPU
		{45621EDB-0ED3-4437-AFF8-4A276D3FAF55}.Release|Any CPU.Build.0 = Release|Any CPU
	EndGlobalSection
	GlobalSection(SolutionProperties) = preSolution
		HideSolutionNode = FALSE
	EndGlobalSection
	GlobalSection(ExtensibilityGlobals) = postSolution
		SolutionGuid = {6BECFC3A-AFB7-47FC-A76E-533B12C12AFB}
	EndGlobalSection
EndGlobal
